// !$*UTF8*$!
{
	archiveVersion = 1;
	classes = {
	};
	objectVersion = 50;
	objects = {

/* Begin PBXBuildFile section */
		EB0420142139BE9C00087EA7 /* AppDelegate.swift in Sources */ = {isa = PBXBuildFile; fileRef = EB0420132139BE9C00087EA7 /* AppDelegate.swift */; };
		EB0420162139BE9C00087EA7 /* ViewController.swift in Sources */ = {isa = PBXBuildFile; fileRef = EB0420152139BE9C00087EA7 /* ViewController.swift */; };
		EB0420192139BE9C00087EA7 /* Main.storyboard in Resources */ = {isa = PBXBuildFile; fileRef = EB0420172139BE9C00087EA7 /* Main.storyboard */; };
		EB04201B2139BE9D00087EA7 /* Assets.xcassets in Resources */ = {isa = PBXBuildFile; fileRef = EB04201A2139BE9D00087EA7 /* Assets.xcassets */; };
		EB04201E2139BE9D00087EA7 /* LaunchScreen.storyboard in Resources */ = {isa = PBXBuildFile; fileRef = EB04201C2139BE9D00087EA7 /* LaunchScreen.storyboard */; };
		EB0420292139BE9D00087EA7 /* ExchangeCalcTests.swift in Sources */ = {isa = PBXBuildFile; fileRef = EB0420282139BE9D00087EA7 /* ExchangeCalcTests.swift */; };
		EB0420342139BE9D00087EA7 /* ExchangeCalcUITests.swift in Sources */ = {isa = PBXBuildFile; fileRef = EB0420332139BE9D00087EA7 /* ExchangeCalcUITests.swift */; };
/* End PBXBuildFile section */

/* Begin PBXContainerItemProxy section */
		EB0420252139BE9D00087EA7 /* PBXContainerItemProxy */ = {
			isa = PBXContainerItemProxy;
			containerPortal = EB0420082139BE9C00087EA7 /* Project object */;
			proxyType = 1;
			remoteGlobalIDString = EB04200F2139BE9C00087EA7;
			remoteInfo = ExchangeCalc;
		};
		EB0420302139BE9D00087EA7 /* PBXContainerItemProxy */ = {
			isa = PBXContainerItemProxy;
			containerPortal = EB0420082139BE9C00087EA7 /* Project object */;
			proxyType = 1;
			remoteGlobalIDString = EB04200F2139BE9C00087EA7;
			remoteInfo = ExchangeCalc;
		};
/* End PBXContainerItemProxy section */

/* Begin PBXFileReference section */
		EB0420102139BE9C00087EA7 /* ExchangeCalc.app */ = {isa = PBXFileReference; explicitFileType = wrapper.application; includeInIndex = 0; path = ExchangeCalc.app; sourceTree = BUILT_PRODUCTS_DIR; };
		EB0420132139BE9C00087EA7 /* AppDelegate.swift */ = {isa = PBXFileReference; lastKnownFileType = sourcecode.swift; path = AppDelegate.swift; sourceTree = "<group>"; };
		EB0420152139BE9C00087EA7 /* ViewController.swift */ = {isa = PBXFileReference; lastKnownFileType = sourcecode.swift; path = ViewController.swift; sourceTree = "<group>"; };
		EB0420182139BE9C00087EA7 /* Base */ = {isa = PBXFileReference; lastKnownFileType = file.storyboard; name = Base; path = Base.lproj/Main.storyboard; sourceTree = "<group>"; };
		EB04201A2139BE9D00087EA7 /* Assets.xcassets */ = {isa = PBXFileReference; lastKnownFileType = folder.assetcatalog; path = Assets.xcassets; sourceTree = "<group>"; };
		EB04201D2139BE9D00087EA7 /* Base */ = {isa = PBXFileReference; lastKnownFileType = file.storyboard; name = Base; path = Base.lproj/LaunchScreen.storyboard; sourceTree = "<group>"; };
		EB04201F2139BE9D00087EA7 /* Info.plist */ = {isa = PBXFileReference; lastKnownFileType = text.plist.xml; path = Info.plist; sourceTree = "<group>"; };
		EB0420242139BE9D00087EA7 /* ExchangeCalcTests.xctest */ = {isa = PBXFileReference; explicitFileType = wrapper.cfbundle; includeInIndex = 0; path = ExchangeCalcTests.xctest; sourceTree = BUILT_PRODUCTS_DIR; };
		EB0420282139BE9D00087EA7 /* ExchangeCalcTests.swift */ = {isa = PBXFileReference; lastKnownFileType = sourcecode.swift; path = ExchangeCalcTests.swift; sourceTree = "<group>"; };
		EB04202A2139BE9D00087EA7 /* Info.plist */ = {isa = PBXFileReference; lastKnownFileType = text.plist.xml; path = Info.plist; sourceTree = "<group>"; };
		EB04202F2139BE9D00087EA7 /* ExchangeCalcUITests.xctest */ = {isa = PBXFileReference; explicitFileType = wrapper.cfbundle; includeInIndex = 0; path = ExchangeCalcUITests.xctest; sourceTree = BUILT_PRODUCTS_DIR; };
		EB0420332139BE9D00087EA7 /* ExchangeCalcUITests.swift */ = {isa = PBXFileReference; lastKnownFileType = sourcecode.swift; path = ExchangeCalcUITests.swift; sourceTree = "<group>"; };
		EB0420352139BE9D00087EA7 /* Info.plist */ = {isa = PBXFileReference; lastKnownFileType = text.plist.xml; path = Info.plist; sourceTree = "<group>"; };
/* End PBXFileReference section */

/* Begin PBXFrameworksBuildPhase section */
		EB04200D2139BE9C00087EA7 /* Frameworks */ = {
			isa = PBXFrameworksBuildPhase;
			buildActionMask = 2147483647;
			files = (
			);
			runOnlyForDeploymentPostprocessing = 0;
		};
		EB0420212139BE9D00087EA7 /* Frameworks */ = {
			isa = PBXFrameworksBuildPhase;
			buildActionMask = 2147483647;
			files = (
			);
			runOnlyForDeploymentPostprocessing = 0;
		};
		EB04202C2139BE9D00087EA7 /* Frameworks */ = {
			isa = PBXFrameworksBuildPhase;
			buildActionMask = 2147483647;
			files = (
			);
			runOnlyForDeploymentPostprocessing = 0;
		};
/* End PBXFrameworksBuildPhase section */

/* Begin PBXGroup section */
		EB0420072139BE9C00087EA7 = {
			isa = PBXGroup;
			children = (
				EB0420122139BE9C00087EA7 /* ExchangeCalc */,
				EB0420272139BE9D00087EA7 /* ExchangeCalcTests */,
				EB0420322139BE9D00087EA7 /* ExchangeCalcUITests */,
				EB0420112139BE9C00087EA7 /* Products */,
			);
			sourceTree = "<group>";
		};
		EB0420112139BE9C00087EA7 /* Products */ = {
			isa = PBXGroup;
			children = (
				EB0420102139BE9C00087EA7 /* ExchangeCalc.app */,
				EB0420242139BE9D00087EA7 /* ExchangeCalcTests.xctest */,
				EB04202F2139BE9D00087EA7 /* ExchangeCalcUITests.xctest */,
			);
			name = Products;
			sourceTree = "<group>";
		};
		EB0420122139BE9C00087EA7 /* ExchangeCalc */ = {
			isa = PBXGroup;
			children = (
				EB0420132139BE9C00087EA7 /* AppDelegate.swift */,
				EB0420152139BE9C00087EA7 /* ViewController.swift */,
				EB0420172139BE9C00087EA7 /* Main.storyboard */,
				EB04201A2139BE9D00087EA7 /* Assets.xcassets */,
				EB04201C2139BE9D00087EA7 /* LaunchScreen.storyboard */,
				EB04201F2139BE9D00087EA7 /* Info.plist */,
			);
			path = ExchangeCalc;
			sourceTree = "<group>";
		};
		EB0420272139BE9D00087EA7 /* ExchangeCalcTests */ = {
			isa = PBXGroup;
			children = (
				EB0420282139BE9D00087EA7 /* ExchangeCalcTests.swift */,
				EB04202A2139BE9D00087EA7 /* Info.plist */,
			);
			path = ExchangeCalcTests;
			sourceTree = "<group>";
		};
		EB0420322139BE9D00087EA7 /* ExchangeCalcUITests */ = {
			isa = PBXGroup;
			children = (
				EB0420332139BE9D00087EA7 /* ExchangeCalcUITests.swift */,
				EB0420352139BE9D00087EA7 /* Info.plist */,
			);
			path = ExchangeCalcUITests;
			sourceTree = "<group>";
		};
/* End PBXGroup section */

/* Begin PBXNativeTarget section */
		EB04200F2139BE9C00087EA7 /* ExchangeCalc */ = {
			isa = PBXNativeTarget;
			buildConfigurationList = EB0420382139BE9D00087EA7 /* Build configuration list for PBXNativeTarget "ExchangeCalc" */;
			buildPhases = (
				EB04200C2139BE9C00087EA7 /* Sources */,
				EB04200D2139BE9C00087EA7 /* Frameworks */,
				EB04200E2139BE9C00087EA7 /* Resources */,
			);
			buildRules = (
			);
			dependencies = (
			);
			name = ExchangeCalc;
			productName = ExchangeCalc;
			productReference = EB0420102139BE9C00087EA7 /* ExchangeCalc.app */;
			productType = "com.apple.product-type.application";
		};
		EB0420232139BE9D00087EA7 /* ExchangeCalcTests */ = {
			isa = PBXNativeTarget;
			buildConfigurationList = EB04203B2139BE9D00087EA7 /* Build configuration list for PBXNativeTarget "ExchangeCalcTests" */;
			buildPhases = (
				EB0420202139BE9D00087EA7 /* Sources */,
				EB0420212139BE9D00087EA7 /* Frameworks */,
				EB0420222139BE9D00087EA7 /* Resources */,
			);
			buildRules = (
			);
			dependencies = (
				EB0420262139BE9D00087EA7 /* PBXTargetDependency */,
			);
			name = ExchangeCalcTests;
			productName = ExchangeCalcTests;
			productReference = EB0420242139BE9D00087EA7 /* ExchangeCalcTests.xctest */;
			productType = "com.apple.product-type.bundle.unit-test";
		};
		EB04202E2139BE9D00087EA7 /* ExchangeCalcUITests */ = {
			isa = PBXNativeTarget;
			buildConfigurationList = EB04203E2139BE9D00087EA7 /* Build configuration list for PBXNativeTarget "ExchangeCalcUITests" */;
			buildPhases = (
				EB04202B2139BE9D00087EA7 /* Sources */,
				EB04202C2139BE9D00087EA7 /* Frameworks */,
				EB04202D2139BE9D00087EA7 /* Resources */,
			);
			buildRules = (
			);
			dependencies = (
				EB0420312139BE9D00087EA7 /* PBXTargetDependency */,
			);
			name = ExchangeCalcUITests;
			productName = ExchangeCalcUITests;
			productReference = EB04202F2139BE9D00087EA7 /* ExchangeCalcUITests.xctest */;
			productType = "com.apple.product-type.bundle.ui-testing";
		};
/* End PBXNativeTarget section */

/* Begin PBXProject section */
		EB0420082139BE9C00087EA7 /* Project object */ = {
			isa = PBXProject;
			attributes = {
				LastSwiftUpdateCheck = 0940;
				LastUpgradeCheck = 0940;
				ORGANIZATIONNAME = "Pedro L. Diaz Montilla";
				TargetAttributes = {
					EB04200F2139BE9C00087EA7 = {
						CreatedOnToolsVersion = 9.4.1;
					};
					EB0420232139BE9D00087EA7 = {
						CreatedOnToolsVersion = 9.4.1;
						TestTargetID = EB04200F2139BE9C00087EA7;
					};
					EB04202E2139BE9D00087EA7 = {
						CreatedOnToolsVersion = 9.4.1;
						TestTargetID = EB04200F2139BE9C00087EA7;
					};
				};
			};
			buildConfigurationList = EB04200B2139BE9C00087EA7 /* Build configuration list for PBXProject "ExchangeCalc" */;
			compatibilityVersion = "Xcode 9.3";
			developmentRegion = en;
			hasScannedForEncodings = 0;
			knownRegions = (
				en,
				Base,
			);
			mainGroup = EB0420072139BE9C00087EA7;
			productRefGroup = EB0420112139BE9C00087EA7 /* Products */;
			projectDirPath = "";
			projectRoot = "";
			targets = (
				EB04200F2139BE9C00087EA7 /* ExchangeCalc */,
				EB0420232139BE9D00087EA7 /* ExchangeCalcTests */,
				EB04202E2139BE9D00087EA7 /* ExchangeCalcUITests */,
			);
		};
/* End PBXProject section */

/* Begin PBXResourcesBuildPhase section */
		EB04200E2139BE9C00087EA7 /* Resources */ = {
			isa = PBXResourcesBuildPhase;
			buildActionMask = 2147483647;
			files = (
				EB04201E2139BE9D00087EA7 /* LaunchScreen.storyboard in Resources */,
				EB04201B2139BE9D00087EA7 /* Assets.xcassets in Resources */,
				EB0420192139BE9C00087EA7 /* Main.storyboard in Resources */,
			);
			runOnlyForDeploymentPostprocessing = 0;
		};
		EB0420222139BE9D00087EA7 /* Resources */ = {
			isa = PBXResourcesBuildPhase;
			buildActionMask = 2147483647;
			files = (
			);
			runOnlyForDeploymentPostprocessing = 0;
		};
		EB04202D2139BE9D00087EA7 /* Resources */ = {
			isa = PBXResourcesBuildPhase;
			buildActionMask = 2147483647;
			files = (
			);
			runOnlyForDeploymentPostprocessing = 0;
		};
/* End PBXResourcesBuildPhase section */

/* Begin PBXSourcesBuildPhase section */
		EB04200C2139BE9C00087EA7 /* Sources */ = {
			isa = PBXSourcesBuildPhase;
			buildActionMask = 2147483647;
			files = (
				EB0420162139BE9C00087EA7 /* ViewController.swift in Sources */,
				EB0420142139BE9C00087EA7 /* AppDelegate.swift in Sources */,
			);
			runOnlyForDeploymentPostprocessing = 0;
		};
		EB0420202139BE9D00087EA7 /* Sources */ = {
			isa = PBXSourcesBuildPhase;
			buildActionMask = 2147483647;
			files = (
				EB0420292139BE9D00087EA7 /* ExchangeCalcTests.swift in Sources */,
			);
			runOnlyForDeploymentPostprocessing = 0;
		};
		EB04202B2139BE9D00087EA7 /* Sources */ = {
			isa = PBXSourcesBuildPhase;
			buildActionMask = 2147483647;
			files = (
				EB0420342139BE9D00087EA7 /* ExchangeCalcUITests.swift in Sources */,
			);
			runOnlyForDeploymentPostprocessing = 0;
		};
/* End PBXSourcesBuildPhase section */

/* Begin PBXTargetDependency section */
		EB0420262139BE9D00087EA7 /* PBXTargetDependency */ = {
			isa = PBXTargetDependency;
			target = EB04200F2139BE9C00087EA7 /* ExchangeCalc */;
			targetProxy = EB0420252139BE9D00087EA7 /* PBXContainerItemProxy */;
		};
		EB0420312139BE9D00087EA7 /* PBXTargetDependency */ = {
			isa = PBXTargetDependency;
			target = EB04200F2139BE9C00087EA7 /* ExchangeCalc */;
			targetProxy = EB0420302139BE9D00087EA7 /* PBXContainerItemProxy */;
		};
/* End PBXTargetDependency section */

/* Begin PBXVariantGroup section */
		EB0420172139BE9C00087EA7 /* Main.storyboard */ = {
			isa = PBXVariantGroup;
			children = (
				EB0420182139BE9C00087EA7 /* Base */,
			);
			name = Main.storyboard;
			sourceTree = "<group>";
		};
		EB04201C2139BE9D00087EA7 /* LaunchScreen.storyboard */ = {
			isa = PBXVariantGroup;
			children = (
				EB04201D2139BE9D00087EA7 /* Base */,
			);
			name = LaunchScreen.storyboard;
			sourceTree = "<group>";
		};
/* End PBXVariantGroup section */

/* Begin XCBuildConfiguration section */
		EB0420362139BE9D00087EA7 /* Debug */ = {
			isa = XCBuildConfiguration;
			buildSettings = {
				ALWAYS_SEARCH_USER_PATHS = NO;
				CLANG_ANALYZER_NONNULL = YES;
				CLANG_ANALYZER_NUMBER_OBJECT_CONVERSION = YES_AGGRESSIVE;
				CLANG_CXX_LANGUAGE_STANDARD = "gnu++14";
				CLANG_CXX_LIBRARY = "libc++";
				CLANG_ENABLE_MODULES = YES;
				CLANG_ENABLE_OBJC_ARC = YES;
				CLANG_ENABLE_OBJC_WEAK = YES;
				CLANG_WARN_BLOCK_CAPTURE_AUTORELEASING = YES;
				CLANG_WARN_BOOL_CONVERSION = YES;
				CLANG_WARN_COMMA = YES;
				CLANG_WARN_CONSTANT_CONVERSION = YES;
				CLANG_WARN_DEPRECATED_OBJC_IMPLEMENTATIONS = YES;
				CLANG_WARN_DIRECT_OBJC_ISA_USAGE = YES_ERROR;
				CLANG_WARN_DOCUMENTATION_COMMENTS = YES;
				CLANG_WARN_EMPTY_BODY = YES;
				CLANG_WARN_ENUM_CONVERSION = YES;
				CLANG_WARN_INFINITE_RECURSION = YES;
				CLANG_WARN_INT_CONVERSION = YES;
				CLANG_WARN_NON_LITERAL_NULL_CONVERSION = YES;
				CLANG_WARN_OBJC_IMPLICIT_RETAIN_SELF = YES;
				CLANG_WARN_OBJC_LITERAL_CONVERSION = YES;
				CLANG_WARN_OBJC_ROOT_CLASS = YES_ERROR;
				CLANG_WARN_RANGE_LOOP_ANALYSIS = YES;
				CLANG_WARN_STRICT_PROTOTYPES = YES;
				CLANG_WARN_SUSPICIOUS_MOVE = YES;
				CLANG_WARN_UNGUARDED_AVAILABILITY = YES_AGGRESSIVE;
				CLANG_WARN_UNREACHABLE_CODE = YES;
				CLANG_WARN__DUPLICATE_METHOD_MATCH = YES;
				CODE_SIGN_IDENTITY = "iPhone Developer";
				COPY_PHASE_STRIP = NO;
				DEBUG_INFORMATION_FORMAT = dwarf;
				ENABLE_STRICT_OBJC_MSGSEND = YES;
				ENABLE_TESTABILITY = YES;
				GCC_C_LANGUAGE_STANDARD = gnu11;
				GCC_DYNAMIC_NO_PIC = NO;
				GCC_NO_COMMON_BLOCKS = YES;
				GCC_OPTIMIZATION_LEVEL = 0;
				GCC_PREPROCESSOR_DEFINITIONS = (
					"DEBUG=1",
					"$(inherited)",
				);
				GCC_WARN_64_TO_32_BIT_CONVERSION = YES;
				GCC_WARN_ABOUT_RETURN_TYPE = YES_ERROR;
				GCC_WARN_UNDECLARED_SELECTOR = YES;
				GCC_WARN_UNINITIALIZED_AUTOS = YES_AGGRESSIVE;
				GCC_WARN_UNUSED_FUNCTION = YES;
				GCC_WARN_UNUSED_VARIABLE = YES;
				IPHONEOS_DEPLOYMENT_TARGET = 11.4;
				MTL_ENABLE_DEBUG_INFO = YES;
				ONLY_ACTIVE_ARCH = YES;
				SDKROOT = iphoneos;
				SWIFT_ACTIVE_COMPILATION_CONDITIONS = DEBUG;
				SWIFT_OPTIMIZATION_LEVEL = "-Onone";
			};
			name = Debug;
		};
		EB0420372139BE9D00087EA7 /* Release */ = {
			isa = XCBuildConfiguration;
			buildSettings = {
				ALWAYS_SEARCH_USER_PATHS = NO;
				CLANG_ANALYZER_NONNULL = YES;
				CLANG_ANALYZER_NUMBER_OBJECT_CONVERSION = YES_AGGRESSIVE;
				CLANG_CXX_LANGUAGE_STANDARD = "gnu++14";
				CLANG_CXX_LIBRARY = "libc++";
				CLANG_ENABLE_MODULES = YES;
				CLANG_ENABLE_OBJC_ARC = YES;
				CLANG_ENABLE_OBJC_WEAK = YES;
				CLANG_WARN_BLOCK_CAPTURE_AUTORELEASING = YES;
				CLANG_WARN_BOOL_CONVERSION = YES;
				CLANG_WARN_COMMA = YES;
				CLANG_WARN_CONSTANT_CONVERSION = YES;
				CLANG_WARN_DEPRECATED_OBJC_IMPLEMENTATIONS = YES;
				CLANG_WARN_DIRECT_OBJC_ISA_USAGE = YES_ERROR;
				CLANG_WARN_DOCUMENTATION_COMMENTS = YES;
				CLANG_WARN_EMPTY_BODY = YES;
				CLANG_WARN_ENUM_CONVERSION = YES;
				CLANG_WARN_INFINITE_RECURSION = YES;
				CLANG_WARN_INT_CONVERSION = YES;
				CLANG_WARN_NON_LITERAL_NULL_CONVERSION = YES;
				CLANG_WARN_OBJC_IMPLICIT_RETAIN_SELF = YES;
				CLANG_WARN_OBJC_LITERAL_CONVERSION = YES;
				CLANG_WARN_OBJC_ROOT_CLASS = YES_ERROR;
				CLANG_WARN_RANGE_LOOP_ANALYSIS = YES;
				CLANG_WARN_STRICT_PROTOTYPES = YES;
				CLANG_WARN_SUSPICIOUS_MOVE = YES;
				CLANG_WARN_UNGUARDED_AVAILABILITY = YES_AGGRESSIVE;
				CLANG_WARN_UNREACHABLE_CODE = YES;
				CLANG_WARN__DUPLICATE_METHOD_MATCH = YES;
				CODE_SIGN_IDENTITY = "iPhone Developer";
				COPY_PHASE_STRIP = NO;
				DEBUG_INFORMATION_FORMAT = "dwarf-with-dsym";
				ENABLE_NS_ASSERTIONS = NO;
				ENABLE_STRICT_OBJC_MSGSEND = YES;
				GCC_C_LANGUAGE_STANDARD = gnu11;
				GCC_NO_COMMON_BLOCKS = YES;
				GCC_WARN_64_TO_32_BIT_CONVERSION = YES;
				GCC_WARN_ABOUT_RETURN_TYPE = YES_ERROR;
				GCC_WARN_UNDECLARED_SELECTOR = YES;
				GCC_WARN_UNINITIALIZED_AUTOS = YES_AGGRESSIVE;
				GCC_WARN_UNUSED_FUNCTION = YES;
				GCC_WARN_UNUSED_VARIABLE = YES;
				IPHONEOS_DEPLOYMENT_TARGET = 11.4;
				MTL_ENABLE_DEBUG_INFO = NO;
				SDKROOT = iphoneos;
				SWIFT_COMPILATION_MODE = wholemodule;
				SWIFT_OPTIMIZATION_LEVEL = "-O";
				VALIDATE_PRODUCT = YES;
			};
			name = Release;
		};
		EB0420392139BE9D00087EA7 /* Debug */ = {
			isa = XCBuildConfiguration;
			buildSettings = {
				ASSETCATALOG_COMPILER_APPICON_NAME = AppIcon;
				CODE_SIGN_STYLE = Automatic;
				DEVELOPMENT_TEAM = S3P397D556;
				INFOPLIST_FILE = ExchangeCalc/Info.plist;
				LD_RUNPATH_SEARCH_PATHS = (
					"$(inherited)",
					"@executable_path/Frameworks",
				);
				PRODUCT_BUNDLE_IDENTIFIER = pdiazmon.ExchangeCalc;
				PRODUCT_NAME = "$(TARGET_NAME)";
				SWIFT_VERSION = 4.0;
				TARGETED_DEVICE_FAMILY = "1,2";
			};
			name = Debug;
		};
		EB04203A2139BE9D00087EA7 /* Release */ = {
			isa = XCBuildConfiguration;
			buildSettings = {
				ASSETCATALOG_COMPILER_APPICON_NAME = AppIcon;
				CODE_SIGN_STYLE = Automatic;
				DEVELOPMENT_TEAM = S3P397D556;
				INFOPLIST_FILE = ExchangeCalc/Info.plist;
				LD_RUNPATH_SEARCH_PATHS = (
					"$(inherited)",
					"@executable_path/Frameworks",
				);
				PRODUCT_BUNDLE_IDENTIFIER = pdiazmon.ExchangeCalc;
				PRODUCT_NAME = "$(TARGET_NAME)";
				SWIFT_VERSION = 4.0;
				TARGETED_DEVICE_FAMILY = "1,2";
			};
			name = Release;
		};
		EB04203C2139BE9D00087EA7 /* Debug */ = {
			isa = XCBuildConfiguration;
			buildSettings = {
				ALWAYS_EMBED_SWIFT_STANDARD_LIBRARIES = YES;
				BUNDLE_LOADER = "$(TEST_HOST)";
				CODE_SIGN_STYLE = Automatic;
				DEVELOPMENT_TEAM = S3P397D556;
				INFOPLIST_FILE = ExchangeCalcTests/Info.plist;
				LD_RUNPATH_SEARCH_PATHS = (
					"$(inherited)",
					"@executable_path/Frameworks",
					"@loader_path/Frameworks",
				);
				PRODUCT_BUNDLE_IDENTIFIER = pdiazmon.ExchangeCalcTests;
				PRODUCT_NAME = "$(TARGET_NAME)";
				SWIFT_VERSION = 4.0;
				TARGETED_DEVICE_FAMILY = "1,2";
				TEST_HOST = "$(BUILT_PRODUCTS_DIR)/ExchangeCalc.app/ExchangeCalc";
			};
			name = Debug;
		};
		EB04203D2139BE9D00087EA7 /* Release */ = {
			isa = XCBuildConfiguration;
			buildSettings = {
				ALWAYS_EMBED_SWIFT_STANDARD_LIBRARIES = YES;
				BUNDLE_LOADER = "$(TEST_HOST)";
				CODE_SIGN_STYLE = Automatic;
				DEVELOPMENT_TEAM = S3P397D556;
				INFOPLIST_FILE = ExchangeCalcTests/Info.plist;
				LD_RUNPATH_SEARCH_PATHS = (
					"$(inherited)",
					"@executable_path/Frameworks",
					"@loader_path/Frameworks",
				);
				PRODUCT_BUNDLE_IDENTIFIER = pdiazmon.ExchangeCalcTests;
				PRODUCT_NAME = "$(TARGET_NAME)";
				SWIFT_VERSION = 4.0;
				TARGETED_DEVICE_FAMILY = "1,2";
				TEST_HOST = "$(BUILT_PRODUCTS_DIR)/ExchangeCalc.app/ExchangeCalc";
			};
			name = Release;
		};
		EB04203F2139BE9D00087EA7 /* Debug */ = {
			isa = XCBuildConfiguration;
			buildSettings = {
				ALWAYS_EMBED_SWIFT_STANDARD_LIBRARIES = YES;
				CODE_SIGN_STYLE = Automatic;
				DEVELOPMENT_TEAM = S3P397D556;
				INFOPLIST_FILE = ExchangeCalcUITests/Info.plist;
				LD_RUNPATH_SEARCH_PATHS = (
					"$(inherited)",
					"@executable_path/Frameworks",
					"@loader_path/Frameworks",
				);
				PRODUCT_BUNDLE_IDENTIFIER = pdiazmon.ExchangeCalcUITests;
				PRODUCT_NAME = "$(TARGET_NAME)";
				SWIFT_VERSION = 4.0;
				TARGETED_DEVICE_FAMILY = "1,2";
				TEST_TARGET_NAME = ExchangeCalc;
			};
			name = Debug;
		};
		EB0420402139BE9D00087EA7 /* Release */ = {
			isa = XCBuildConfiguration;
			buildSettings = {
				ALWAYS_EMBED_SWIFT_STANDARD_LIBRARIES = YES;
				CODE_SIGN_STYLE = Automatic;
				DEVELOPMENT_TEAM = S3P397D556;
				INFOPLIST_FILE = ExchangeCalcUITests/Info.plist;
				LD_RUNPATH_SEARCH_PATHS = (
					"$(inherited)",
					"@executable_path/Frameworks",
					"@loader_path/Frameworks",
				);
				PRODUCT_BUNDLE_IDENTIFIER = pdiazmon.ExchangeCalcUITests;
				PRODUCT_NAME = "$(TARGET_NAME)";
				SWIFT_VERSION = 4.0;
				TARGETED_DEVICE_FAMILY = "1,2";
				TEST_TARGET_NAME = ExchangeCalc;
			};
			name = Release;
		};
/* End XCBuildConfiguration section */

/* Begin XCConfigurationList section */
		EB04200B2139BE9C00087EA7 /* Build configuration list for PBXProject "ExchangeCalc" */ = {
			isa = XCConfigurationList;
			buildConfigurations = (
				EB0420362139BE9D00087EA7 /* Debug */,
				EB0420372139BE9D00087EA7 /* Release */,
			);
			defaultConfigurationIsVisible = 0;
			defaultConfigurationName = Release;
		};
		EB0420382139BE9D00087EA7 /* Build configuration list for PBXNativeTarget "ExchangeCalc" */ = {
			isa = XCConfigurationList;
			buildConfigurations = (
				EB0420392139BE9D00087EA7 /* Debug */,
				EB04203A2139BE9D00087EA7 /* Release */,
			);
			defaultConfigurationIsVisible = 0;
			defaultConfigurationName = Release;
		};
		EB04203B2139BE9D00087EA7 /* Build configuration list for PBXNativeTarget "ExchangeCalcTests" */ = {
			isa = XCConfigurationList;
			buildConfigurations = (
				EB04203C2139BE9D00087EA7 /* Debug */,
				EB04203D2139BE9D00087EA7 /* Release */,
			);
			defaultConfigurationIsVisible = 0;
			defaultConfigurationName = Release;
		};
		EB04203E2139BE9D00087EA7 /* Build configuration list for PBXNativeTarget "ExchangeCalcUITests" */ = {
			isa = XCConfigurationList;
			buildConfigurations = (
				EB04203F2139BE9D00087EA7 /* Debug */,
				EB0420402139BE9D00087EA7 /* Release */,
			);
			defaultConfigurationIsVisible = 0;
			defaultConfigurationName = Release;
		};
/* End XCConfigurationList section */
	};
	rootObject = EB0420082139BE9C00087EA7 /* Project object */;
}
